
Microsoft Visual Studio Solution File, Format Version 12.00
# Visual Studio 2012
Project("{FAE04EC0-301F-11D3-BF4B-00C04F79EFBC}") = "WebApiSoup", "WebApiSoup\WebApiSoup.csproj", "{C94E72F8-3680-4293-A630-8E290AF28567}"
EndProject
Project("{2150E333-8FDC-42A3-9474-1A3956D46DE8}") = ".nuget", ".nuget", "{3ACBB92A-CB95-47B4-B599-4095C54499AD}"
	ProjectSection(SolutionItems) = preProject
		.nuget\NuGet.Config = .nuget\NuGet.Config
		.nuget\NuGet.exe = .nuget\NuGet.exe
		.nuget\NuGet.targets = .nuget\NuGet.targets
	EndProjectSection
EndProject
Project("{FAE04EC0-301F-11D3-BF4B-00C04F79EFBC}") = "TasteTestTheSoup", "TasteTestTheSoup\TasteTestTheSoup.csproj", "{9B8158C2-75D8-4B6A-BE95-5C6606B70D5D}"
EndProject
Global
	GlobalSection(SolutionConfigurationPlatforms) = preSolution
		Debug|Any CPU = Debug|Any CPU
		Release|Any CPU = Release|Any CPU
	EndGlobalSection
	GlobalSection(ProjectConfigurationPlatforms) = postSolution
		{C94E72F8-3680-4293-A630-8E290AF28567}.Debug|Any CPU.ActiveCfg = Debug|Any CPU
		{C94E72F8-3680-4293-A630-8E290AF28567}.Debug|Any CPU.Build.0 = Debug|Any CPU
		{C94E72F8-3680-4293-A630-8E290AF28567}.Release|Any CPU.ActiveCfg = Release|Any CPU
		{C94E72F8-3680-4293-A630-8E290AF28567}.Release|Any CPU.Build.0 = Release|Any CPU
		{9B8158C2-75D8-4B6A-BE95-5C6606B70D5D}.Debug|Any CPU.ActiveCfg = Debug|Any CPU
		{9B8158C2-75D8-4B6A-BE95-5C6606B70D5D}.Debug|Any CPU.Build.0 = Debug|Any CPU
		{9B8158C2-75D8-4B6A-BE95-5C6606B70D5D}.Release|Any CPU.ActiveCfg = Release|Any CPU
		{9B8158C2-75D8-4B6A-BE95-5C6606B70D5D}.Release|Any CPU.Build.0 = Release|Any CPU
	EndGlobalSection
	GlobalSection(SolutionProperties) = preSolution
		HideSolutionNode = FALSE
	EndGlobalSection
EndGlobal
